
Microsoft Visual Studio Solution File, Format Version 12.00
# Visual Studio Version 16
VisualStudioVersion = 16.0.30225.117
MinimumVisualStudioVersion = 10.0.40219.1
Project("{FAE04EC0-301F-11D3-BF4B-00C04F79EFBC}") = "PrivateGuard", "PrivateGuard\PrivateGuard.csproj", "{DA435DD6-4B18-4EA5-B015-2844950A17A1}"
EndProject
Global
	GlobalSection(SolutionConfigurationPlatforms) = preSolution
		Debug|Any CPU = Debug|Any CPU
		Release|Any CPU = Release|Any CPU
		Description = A C# based offline password manager for windows.
	EndGlobalSection
	GlobalSection(ProjectConfigurationPlatforms) = postSolution
		{DA435DD6-4B18-4EA5-B015-2844950A17A1}.Debug|Any CPU.ActiveCfg = Debug|Any CPU
		{DA435DD6-4B18-4EA5-B015-2844950A17A1}.Debug|Any CPU.Build.0 = Debug|Any CPU
		{DA435DD6-4B18-4EA5-B015-2844950A17A1}.Release|Any CPU.ActiveCfg = Release|Any CPU
		{DA435DD6-4B18-4EA5-B015-2844950A17A1}.Release|Any CPU.Build.0 = Release|Any CPU
	EndGlobalSection
	GlobalSection(SolutionProperties) = preSolution
		HideSolutionNode = FALSE
	EndGlobalSection
	GlobalSection(ExtensibilityGlobals) = postSolution
		SolutionGuid = {CFF9B6DA-DC25-4A13-A05F-23D377292985}
	EndGlobalSection
EndGlobal
